// !$*UTF8*$!
{
	archiveVersion = 1;
	classes = {
	};
	objectVersion = 56;
	objects = {

/* Begin PBXBuildFile section */
		0441BD93296EB21B00541F26 /* AppDelegate.swift in Sources */ = {isa = PBXBuildFile; fileRef = 0441BD92296EB21B00541F26 /* AppDelegate.swift */; };
		0441BD95296EB21B00541F26 /* SceneDelegate.swift in Sources */ = {isa = PBXBuildFile; fileRef = 0441BD94296EB21B00541F26 /* SceneDelegate.swift */; };
		0441BD97296EB21B00541F26 /* MainViewController.swift in Sources */ = {isa = PBXBuildFile; fileRef = 0441BD96296EB21B00541F26 /* MainViewController.swift */; };
		0441BD9C296EB21E00541F26 /* Assets.xcassets in Resources */ = {isa = PBXBuildFile; fileRef = 0441BD9B296EB21E00541F26 /* Assets.xcassets */; };
		0441BD9F296EB21E00541F26 /* LaunchScreen.storyboard in Resources */ = {isa = PBXBuildFile; fileRef = 0441BD9D296EB21E00541F26 /* LaunchScreen.storyboard */; };
		0441BDAA296EB21F00541F26 /* TipCalculatorTests.swift in Sources */ = {isa = PBXBuildFile; fileRef = 0441BDA9296EB21F00541F26 /* TipCalculatorTests.swift */; };
		0441BDB4296EB21F00541F26 /* TipCalculatorUITests.swift in Sources */ = {isa = PBXBuildFile; fileRef = 0441BDB3296EB21F00541F26 /* TipCalculatorUITests.swift */; };
		0441BDB6296EB21F00541F26 /* TipCalculatorUITestsLaunchTests.swift in Sources */ = {isa = PBXBuildFile; fileRef = 0441BDB5296EB21F00541F26 /* TipCalculatorUITestsLaunchTests.swift */; };
		0441BDC4296EB75200541F26 /* CombineCocoa in Frameworks */ = {isa = PBXBuildFile; productRef = 0441BDC3296EB75200541F26 /* CombineCocoa */; };
		0441BDC7296EB8C200541F26 /* SnapKit in Frameworks */ = {isa = PBXBuildFile; productRef = 0441BDC6296EB8C200541F26 /* SnapKit */; };
		0441BDCA296EB91400541F26 /* CombineCocoa in Frameworks */ = {isa = PBXBuildFile; productRef = 0441BDC9296EB91400541F26 /* CombineCocoa */; };
		0441BDCD296EBA4900541F26 /* SnapshotTesting in Frameworks */ = {isa = PBXBuildFile; productRef = 0441BDCC296EBA4900541F26 /* SnapshotTesting */; };
		0441BDCF296EBA6400541F26 /* CombineCocoa in Frameworks */ = {isa = PBXBuildFile; productRef = 0441BDCE296EBA6400541F26 /* CombineCocoa */; };
		0441BDD5296F037C00541F26 /* LogoView.swift in Sources */ = {isa = PBXBuildFile; fileRef = 0441BDD4296F037C00541F26 /* LogoView.swift */; };
		0441BDD7296F042700541F26 /* ResultView.swift in Sources */ = {isa = PBXBuildFile; fileRef = 0441BDD6296F042700541F26 /* ResultView.swift */; };
		0441BDD9296F045400541F26 /* BillInputView.swift in Sources */ = {isa = PBXBuildFile; fileRef = 0441BDD8296F045400541F26 /* BillInputView.swift */; };
		0441BDDB296F047A00541F26 /* TipInputView.swift in Sources */ = {isa = PBXBuildFile; fileRef = 0441BDDA296F047A00541F26 /* TipInputView.swift */; };
		0441BDDD296F04A100541F26 /* SplitTipInputView.swift in Sources */ = {isa = PBXBuildFile; fileRef = 0441BDDC296F04A100541F26 /* SplitTipInputView.swift */; };
		0441BDE0296F87F300541F26 /* UIColor+HexString.swift in Sources */ = {isa = PBXBuildFile; fileRef = 0441BDDF296F87F300541F26 /* UIColor+HexString.swift */; };
		0441BDE3296F89DB00541F26 /* ThemeColor.swift in Sources */ = {isa = PBXBuildFile; fileRef = 0441BDE2296F89DB00541F26 /* ThemeColor.swift */; };
		0441BDE52970020600541F26 /* ThemeFont.swift in Sources */ = {isa = PBXBuildFile; fileRef = 0441BDE42970020600541F26 /* ThemeFont.swift */; };
/* End PBXBuildFile section */

/* Begin PBXContainerItemProxy section */
		0441BDA6296EB21F00541F26 /* PBXContainerItemProxy */ = {
			isa = PBXContainerItemProxy;
			containerPortal = 0441BD87296EB21B00541F26 /* Project object */;
			proxyType = 1;
			remoteGlobalIDString = 0441BD8E296EB21B00541F26;
			remoteInfo = TipCalculator;
		};
		0441BDB0296EB21F00541F26 /* PBXContainerItemProxy */ = {
			isa = PBXContainerItemProxy;
			containerPortal = 0441BD87296EB21B00541F26 /* Project object */;
			proxyType = 1;
			remoteGlobalIDString = 0441BD8E296EB21B00541F26;
			remoteInfo = TipCalculator;
		};
/* End PBXContainerItemProxy section */

/* Begin PBXFileReference section */
		0441BD8F296EB21B00541F26 /* TipCalculator.app */ = {isa = PBXFileReference; explicitFileType = wrapper.application; includeInIndex = 0; path = TipCalculator.app; sourceTree = BUILT_PRODUCTS_DIR; };
		0441BD92296EB21B00541F26 /* AppDelegate.swift */ = {isa = PBXFileReference; lastKnownFileType = sourcecode.swift; path = AppDelegate.swift; sourceTree = "<group>"; };
		0441BD94296EB21B00541F26 /* SceneDelegate.swift */ = {isa = PBXFileReference; lastKnownFileType = sourcecode.swift; path = SceneDelegate.swift; sourceTree = "<group>"; };
		0441BD96296EB21B00541F26 /* MainViewController.swift */ = {isa = PBXFileReference; lastKnownFileType = sourcecode.swift; path = MainViewController.swift; sourceTree = "<group>"; };
		0441BD9B296EB21E00541F26 /* Assets.xcassets */ = {isa = PBXFileReference; lastKnownFileType = folder.assetcatalog; path = Assets.xcassets; sourceTree = "<group>"; };
		0441BD9E296EB21E00541F26 /* Base */ = {isa = PBXFileReference; lastKnownFileType = file.storyboard; name = Base; path = Base.lproj/LaunchScreen.storyboard; sourceTree = "<group>"; };
		0441BDA0296EB21E00541F26 /* Info.plist */ = {isa = PBXFileReference; lastKnownFileType = text.plist.xml; path = Info.plist; sourceTree = "<group>"; };
		0441BDA5296EB21F00541F26 /* TipCalculatorTests.xctest */ = {isa = PBXFileReference; explicitFileType = wrapper.cfbundle; includeInIndex = 0; path = TipCalculatorTests.xctest; sourceTree = BUILT_PRODUCTS_DIR; };
		0441BDA9296EB21F00541F26 /* TipCalculatorTests.swift */ = {isa = PBXFileReference; lastKnownFileType = sourcecode.swift; path = TipCalculatorTests.swift; sourceTree = "<group>"; };
		0441BDAF296EB21F00541F26 /* TipCalculatorUITests.xctest */ = {isa = PBXFileReference; explicitFileType = wrapper.cfbundle; includeInIndex = 0; path = TipCalculatorUITests.xctest; sourceTree = BUILT_PRODUCTS_DIR; };
		0441BDB3296EB21F00541F26 /* TipCalculatorUITests.swift */ = {isa = PBXFileReference; lastKnownFileType = sourcecode.swift; path = TipCalculatorUITests.swift; sourceTree = "<group>"; };
		0441BDB5296EB21F00541F26 /* TipCalculatorUITestsLaunchTests.swift */ = {isa = PBXFileReference; lastKnownFileType = sourcecode.swift; path = TipCalculatorUITestsLaunchTests.swift; sourceTree = "<group>"; };
		0441BDD4296F037C00541F26 /* LogoView.swift */ = {isa = PBXFileReference; lastKnownFileType = sourcecode.swift; path = LogoView.swift; sourceTree = "<group>"; };
		0441BDD6296F042700541F26 /* ResultView.swift */ = {isa = PBXFileReference; lastKnownFileType = sourcecode.swift; path = ResultView.swift; sourceTree = "<group>"; };
		0441BDD8296F045400541F26 /* BillInputView.swift */ = {isa = PBXFileReference; lastKnownFileType = sourcecode.swift; path = BillInputView.swift; sourceTree = "<group>"; };
		0441BDDA296F047A00541F26 /* TipInputView.swift */ = {isa = PBXFileReference; lastKnownFileType = sourcecode.swift; path = TipInputView.swift; sourceTree = "<group>"; };
		0441BDDC296F04A100541F26 /* SplitTipInputView.swift */ = {isa = PBXFileReference; lastKnownFileType = sourcecode.swift; path = SplitTipInputView.swift; sourceTree = "<group>"; };
		0441BDDF296F87F300541F26 /* UIColor+HexString.swift */ = {isa = PBXFileReference; lastKnownFileType = sourcecode.swift; path = "UIColor+HexString.swift"; sourceTree = "<group>"; };
		0441BDE2296F89DB00541F26 /* ThemeColor.swift */ = {isa = PBXFileReference; lastKnownFileType = sourcecode.swift; path = ThemeColor.swift; sourceTree = "<group>"; };
		0441BDE42970020600541F26 /* ThemeFont.swift */ = {isa = PBXFileReference; lastKnownFileType = sourcecode.swift; path = ThemeFont.swift; sourceTree = "<group>"; };
/* End PBXFileReference section */

/* Begin PBXFrameworksBuildPhase section */
		0441BD8C296EB21B00541F26 /* Frameworks */ = {
			isa = PBXFrameworksBuildPhase;
			buildActionMask = 2147483647;
			files = (
				0441BDC4296EB75200541F26 /* CombineCocoa in Frameworks */,
				0441BDC7296EB8C200541F26 /* SnapKit in Frameworks */,
			);
			runOnlyForDeploymentPostprocessing = 0;
		};
		0441BDA2296EB21F00541F26 /* Frameworks */ = {
			isa = PBXFrameworksBuildPhase;
			buildActionMask = 2147483647;
			files = (
				0441BDCA296EB91400541F26 /* CombineCocoa in Frameworks */,
				0441BDCD296EBA4900541F26 /* SnapshotTesting in Frameworks */,
			);
			runOnlyForDeploymentPostprocessing = 0;
		};
		0441BDAC296EB21F00541F26 /* Frameworks */ = {
			isa = PBXFrameworksBuildPhase;
			buildActionMask = 2147483647;
			files = (
				0441BDCF296EBA6400541F26 /* CombineCocoa in Frameworks */,
			);
			runOnlyForDeploymentPostprocessing = 0;
		};
/* End PBXFrameworksBuildPhase section */

/* Begin PBXGroup section */
		0441BD86296EB21B00541F26 = {
			isa = PBXGroup;
			children = (
				0441BD91296EB21B00541F26 /* TipCalculator */,
				0441BDA8296EB21F00541F26 /* TipCalculatorTests */,
				0441BDB2296EB21F00541F26 /* TipCalculatorUITests */,
				0441BD90296EB21B00541F26 /* Products */,
				0441BDC8296EB91400541F26 /* Frameworks */,
			);
			sourceTree = "<group>";
		};
		0441BD90296EB21B00541F26 /* Products */ = {
			isa = PBXGroup;
			children = (
				0441BD8F296EB21B00541F26 /* TipCalculator.app */,
				0441BDA5296EB21F00541F26 /* TipCalculatorTests.xctest */,
				0441BDAF296EB21F00541F26 /* TipCalculatorUITests.xctest */,
			);
			name = Products;
			sourceTree = "<group>";
		};
		0441BD91296EB21B00541F26 /* TipCalculator */ = {
			isa = PBXGroup;
			children = (
				0441BDE1296F895900541F26 /* Config */,
				0441BDDE296F87AE00541F26 /* Extensions */,
				0441BDD2296F034900541F26 /* Application Delegates */,
				0441BDD0296F032700541F26 /* Screen */,
				0441BDD1296F033900541F26 /* Resources */,
				0441BD9D296EB21E00541F26 /* LaunchScreen.storyboard */,
				0441BDA0296EB21E00541F26 /* Info.plist */,
			);
			path = TipCalculator;
			sourceTree = "<group>";
		};
		0441BDA8296EB21F00541F26 /* TipCalculatorTests */ = {
			isa = PBXGroup;
			children = (
				0441BDA9296EB21F00541F26 /* TipCalculatorTests.swift */,
			);
			path = TipCalculatorTests;
			sourceTree = "<group>";
		};
		0441BDB2296EB21F00541F26 /* TipCalculatorUITests */ = {
			isa = PBXGroup;
			children = (
				0441BDB3296EB21F00541F26 /* TipCalculatorUITests.swift */,
				0441BDB5296EB21F00541F26 /* TipCalculatorUITestsLaunchTests.swift */,
			);
			path = TipCalculatorUITests;
			sourceTree = "<group>";
		};
		0441BDC8296EB91400541F26 /* Frameworks */ = {
			isa = PBXGroup;
			children = (
			);
			name = Frameworks;
			sourceTree = "<group>";
		};
		0441BDD0296F032700541F26 /* Screen */ = {
			isa = PBXGroup;
			children = (
				0441BDD3296F035C00541F26 /* Views */,
				0441BD96296EB21B00541F26 /* MainViewController.swift */,
			);
			path = Screen;
			sourceTree = "<group>";
		};
		0441BDD1296F033900541F26 /* Resources */ = {
			isa = PBXGroup;
			children = (
				0441BD9B296EB21E00541F26 /* Assets.xcassets */,
			);
			path = Resources;
			sourceTree = "<group>";
		};
		0441BDD2296F034900541F26 /* Application Delegates */ = {
			isa = PBXGroup;
			children = (
				0441BD92296EB21B00541F26 /* AppDelegate.swift */,
				0441BD94296EB21B00541F26 /* SceneDelegate.swift */,
			);
			path = "Application Delegates";
			sourceTree = "<group>";
		};
		0441BDD3296F035C00541F26 /* Views */ = {
			isa = PBXGroup;
			children = (
				0441BDD4296F037C00541F26 /* LogoView.swift */,
				0441BDD6296F042700541F26 /* ResultView.swift */,
				0441BDD8296F045400541F26 /* BillInputView.swift */,
				0441BDDA296F047A00541F26 /* TipInputView.swift */,
				0441BDDC296F04A100541F26 /* SplitTipInputView.swift */,
			);
			path = Views;
			sourceTree = "<group>";
		};
		0441BDDE296F87AE00541F26 /* Extensions */ = {
			isa = PBXGroup;
			children = (
				0441BDDF296F87F300541F26 /* UIColor+HexString.swift */,
			);
			path = Extensions;
			sourceTree = "<group>";
		};
		0441BDE1296F895900541F26 /* Config */ = {
			isa = PBXGroup;
			children = (
				0441BDE2296F89DB00541F26 /* ThemeColor.swift */,
				0441BDE42970020600541F26 /* ThemeFont.swift */,
			);
			path = Config;
			sourceTree = "<group>";
		};
/* End PBXGroup section */

/* Begin PBXNativeTarget section */
		0441BD8E296EB21B00541F26 /* TipCalculator */ = {
			isa = PBXNativeTarget;
			buildConfigurationList = 0441BDB9296EB21F00541F26 /* Build configuration list for PBXNativeTarget "TipCalculator" */;
			buildPhases = (
				0441BD8B296EB21B00541F26 /* Sources */,
				0441BD8C296EB21B00541F26 /* Frameworks */,
				0441BD8D296EB21B00541F26 /* Resources */,
			);
			buildRules = (
			);
			dependencies = (
			);
			name = TipCalculator;
			packageProductDependencies = (
				0441BDC3296EB75200541F26 /* CombineCocoa */,
				0441BDC6296EB8C200541F26 /* SnapKit */,
			);
			productName = TipCalculator;
			productReference = 0441BD8F296EB21B00541F26 /* TipCalculator.app */;
			productType = "com.apple.product-type.application";
		};
		0441BDA4296EB21F00541F26 /* TipCalculatorTests */ = {
			isa = PBXNativeTarget;
			buildConfigurationList = 0441BDBC296EB21F00541F26 /* Build configuration list for PBXNativeTarget "TipCalculatorTests" */;
			buildPhases = (
				0441BDA1296EB21F00541F26 /* Sources */,
				0441BDA2296EB21F00541F26 /* Frameworks */,
				0441BDA3296EB21F00541F26 /* Resources */,
			);
			buildRules = (
			);
			dependencies = (
				0441BDA7296EB21F00541F26 /* PBXTargetDependency */,
			);
			name = TipCalculatorTests;
			packageProductDependencies = (
				0441BDC9296EB91400541F26 /* CombineCocoa */,
				0441BDCC296EBA4900541F26 /* SnapshotTesting */,
			);
			productName = TipCalculatorTests;
			productReference = 0441BDA5296EB21F00541F26 /* TipCalculatorTests.xctest */;
			productType = "com.apple.product-type.bundle.unit-test";
		};
		0441BDAE296EB21F00541F26 /* TipCalculatorUITests */ = {
			isa = PBXNativeTarget;
			buildConfigurationList = 0441BDBF296EB21F00541F26 /* Build configuration list for PBXNativeTarget "TipCalculatorUITests" */;
			buildPhases = (
				0441BDAB296EB21F00541F26 /* Sources */,
				0441BDAC296EB21F00541F26 /* Frameworks */,
				0441BDAD296EB21F00541F26 /* Resources */,
			);
			buildRules = (
			);
			dependencies = (
				0441BDB1296EB21F00541F26 /* PBXTargetDependency */,
			);
			name = TipCalculatorUITests;
			packageProductDependencies = (
				0441BDCE296EBA6400541F26 /* CombineCocoa */,
			);
			productName = TipCalculatorUITests;
			productReference = 0441BDAF296EB21F00541F26 /* TipCalculatorUITests.xctest */;
			productType = "com.apple.product-type.bundle.ui-testing";
		};
/* End PBXNativeTarget section */

/* Begin PBXProject section */
		0441BD87296EB21B00541F26 /* Project object */ = {
			isa = PBXProject;
			attributes = {
				BuildIndependentTargetsInParallel = 1;
				LastSwiftUpdateCheck = 1420;
				LastUpgradeCheck = 1420;
				TargetAttributes = {
					0441BD8E296EB21B00541F26 = {
						CreatedOnToolsVersion = 14.2;
					};
					0441BDA4296EB21F00541F26 = {
						CreatedOnToolsVersion = 14.2;
						TestTargetID = 0441BD8E296EB21B00541F26;
					};
					0441BDAE296EB21F00541F26 = {
						CreatedOnToolsVersion = 14.2;
						TestTargetID = 0441BD8E296EB21B00541F26;
					};
				};
			};
			buildConfigurationList = 0441BD8A296EB21B00541F26 /* Build configuration list for PBXProject "TipCalculator" */;
			compatibilityVersion = "Xcode 14.0";
			developmentRegion = en;
			hasScannedForEncodings = 0;
			knownRegions = (
				en,
				Base,
			);
			mainGroup = 0441BD86296EB21B00541F26;
			packageReferences = (
				0441BDC2296EB75200541F26 /* XCRemoteSwiftPackageReference "CombineCocoa" */,
				0441BDC5296EB8C200541F26 /* XCRemoteSwiftPackageReference "SnapKit" */,
				0441BDCB296EBA4900541F26 /* XCRemoteSwiftPackageReference "swift-snapshot-testing" */,
			);
			productRefGroup = 0441BD90296EB21B00541F26 /* Products */;
			projectDirPath = "";
			projectRoot = "";
			targets = (
				0441BD8E296EB21B00541F26 /* TipCalculator */,
				0441BDA4296EB21F00541F26 /* TipCalculatorTests */,
				0441BDAE296EB21F00541F26 /* TipCalculatorUITests */,
			);
		};
/* End PBXProject section */

/* Begin PBXResourcesBuildPhase section */
		0441BD8D296EB21B00541F26 /* Resources */ = {
			isa = PBXResourcesBuildPhase;
			buildActionMask = 2147483647;
			files = (
				0441BD9F296EB21E00541F26 /* LaunchScreen.storyboard in Resources */,
				0441BD9C296EB21E00541F26 /* Assets.xcassets in Resources */,
			);
			runOnlyForDeploymentPostprocessing = 0;
		};
		0441BDA3296EB21F00541F26 /* Resources */ = {
			isa = PBXResourcesBuildPhase;
			buildActionMask = 2147483647;
			files = (
			);
			runOnlyForDeploymentPostprocessing = 0;
		};
		0441BDAD296EB21F00541F26 /* Resources */ = {
			isa = PBXResourcesBuildPhase;
			buildActionMask = 2147483647;
			files = (
			);
			runOnlyForDeploymentPostprocessing = 0;
		};
/* End PBXResourcesBuildPhase section */

/* Begin PBXSourcesBuildPhase section */
		0441BD8B296EB21B00541F26 /* Sources */ = {
			isa = PBXSourcesBuildPhase;
			buildActionMask = 2147483647;
			files = (
				0441BDE52970020600541F26 /* ThemeFont.swift in Sources */,
				0441BDE0296F87F300541F26 /* UIColor+HexString.swift in Sources */,
				0441BD97296EB21B00541F26 /* MainViewController.swift in Sources */,
				0441BDD5296F037C00541F26 /* LogoView.swift in Sources */,
				0441BDD9296F045400541F26 /* BillInputView.swift in Sources */,
				0441BDD7296F042700541F26 /* ResultView.swift in Sources */,
				0441BD93296EB21B00541F26 /* AppDelegate.swift in Sources */,
				0441BD95296EB21B00541F26 /* SceneDelegate.swift in Sources */,
				0441BDDD296F04A100541F26 /* SplitTipInputView.swift in Sources */,
				0441BDDB296F047A00541F26 /* TipInputView.swift in Sources */,
				0441BDE3296F89DB00541F26 /* ThemeColor.swift in Sources */,
			);
			runOnlyForDeploymentPostprocessing = 0;
		};
		0441BDA1296EB21F00541F26 /* Sources */ = {
			isa = PBXSourcesBuildPhase;
			buildActionMask = 2147483647;
			files = (
				0441BDAA296EB21F00541F26 /* TipCalculatorTests.swift in Sources */,
			);
			runOnlyForDeploymentPostprocessing = 0;
		};
		0441BDAB296EB21F00541F26 /* Sources */ = {
			isa = PBXSourcesBuildPhase;
			buildActionMask = 2147483647;
			files = (
				0441BDB6296EB21F00541F26 /* TipCalculatorUITestsLaunchTests.swift in Sources */,
				0441BDB4296EB21F00541F26 /* TipCalculatorUITests.swift in Sources */,
			);
			runOnlyForDeploymentPostprocessing = 0;
		};
/* End PBXSourcesBuildPhase section */

/* Begin PBXTargetDependency section */
		0441BDA7296EB21F00541F26 /* PBXTargetDependency */ = {
			isa = PBXTargetDependency;
			target = 0441BD8E296EB21B00541F26 /* TipCalculator */;
			targetProxy = 0441BDA6296EB21F00541F26 /* PBXContainerItemProxy */;
		};
		0441BDB1296EB21F00541F26 /* PBXTargetDependency */ = {
			isa = PBXTargetDependency;
			target = 0441BD8E296EB21B00541F26 /* TipCalculator */;
			targetProxy = 0441BDB0296EB21F00541F26 /* PBXContainerItemProxy */;
		};
/* End PBXTargetDependency section */

/* Begin PBXVariantGroup section */
		0441BD9D296EB21E00541F26 /* LaunchScreen.storyboard */ = {
			isa = PBXVariantGroup;
			children = (
				0441BD9E296EB21E00541F26 /* Base */,
			);
			name = LaunchScreen.storyboard;
			sourceTree = "<group>";
		};
/* End PBXVariantGroup section */

/* Begin XCBuildConfiguration section */
		0441BDB7296EB21F00541F26 /* Debug */ = {
			isa = XCBuildConfiguration;
			buildSettings = {
				ALWAYS_SEARCH_USER_PATHS = NO;
				CLANG_ANALYZER_NONNULL = YES;
				CLANG_ANALYZER_NUMBER_OBJECT_CONVERSION = YES_AGGRESSIVE;
				CLANG_CXX_LANGUAGE_STANDARD = "gnu++20";
				CLANG_ENABLE_MODULES = YES;
				CLANG_ENABLE_OBJC_ARC = YES;
				CLANG_ENABLE_OBJC_WEAK = YES;
				CLANG_WARN_BLOCK_CAPTURE_AUTORELEASING = YES;
				CLANG_WARN_BOOL_CONVERSION = YES;
				CLANG_WARN_COMMA = YES;
				CLANG_WARN_CONSTANT_CONVERSION = YES;
				CLANG_WARN_DEPRECATED_OBJC_IMPLEMENTATIONS = YES;
				CLANG_WARN_DIRECT_OBJC_ISA_USAGE = YES_ERROR;
				CLANG_WARN_DOCUMENTATION_COMMENTS = YES;
				CLANG_WARN_EMPTY_BODY = YES;
				CLANG_WARN_ENUM_CONVERSION = YES;
				CLANG_WARN_INFINITE_RECURSION = YES;
				CLANG_WARN_INT_CONVERSION = YES;
				CLANG_WARN_NON_LITERAL_NULL_CONVERSION = YES;
				CLANG_WARN_OBJC_IMPLICIT_RETAIN_SELF = YES;
				CLANG_WARN_OBJC_LITERAL_CONVERSION = YES;
				CLANG_WARN_OBJC_ROOT_CLASS = YES_ERROR;
				CLANG_WARN_QUOTED_INCLUDE_IN_FRAMEWORK_HEADER = YES;
				CLANG_WARN_RANGE_LOOP_ANALYSIS = YES;
				CLANG_WARN_STRICT_PROTOTYPES = YES;
				CLANG_WARN_SUSPICIOUS_MOVE = YES;
				CLANG_WARN_UNGUARDED_AVAILABILITY = YES_AGGRESSIVE;
				CLANG_WARN_UNREACHABLE_CODE = YES;
				CLANG_WARN__DUPLICATE_METHOD_MATCH = YES;
				COPY_PHASE_STRIP = NO;
				DEBUG_INFORMATION_FORMAT = dwarf;
				ENABLE_STRICT_OBJC_MSGSEND = YES;
				ENABLE_TESTABILITY = YES;
				GCC_C_LANGUAGE_STANDARD = gnu11;
				GCC_DYNAMIC_NO_PIC = NO;
				GCC_NO_COMMON_BLOCKS = YES;
				GCC_OPTIMIZATION_LEVEL = 0;
				GCC_PREPROCESSOR_DEFINITIONS = (
					"DEBUG=1",
					"$(inherited)",
				);
				GCC_WARN_64_TO_32_BIT_CONVERSION = YES;
				GCC_WARN_ABOUT_RETURN_TYPE = YES_ERROR;
				GCC_WARN_UNDECLARED_SELECTOR = YES;
				GCC_WARN_UNINITIALIZED_AUTOS = YES_AGGRESSIVE;
				GCC_WARN_UNUSED_FUNCTION = YES;
				GCC_WARN_UNUSED_VARIABLE = YES;
				IPHONEOS_DEPLOYMENT_TARGET = 16.2;
				MTL_ENABLE_DEBUG_INFO = INCLUDE_SOURCE;
				MTL_FAST_MATH = YES;
				ONLY_ACTIVE_ARCH = YES;
				SDKROOT = iphoneos;
				SWIFT_ACTIVE_COMPILATION_CONDITIONS = DEBUG;
				SWIFT_OPTIMIZATION_LEVEL = "-Onone";
			};
			name = Debug;
		};
		0441BDB8296EB21F00541F26 /* Release */ = {
			isa = XCBuildConfiguration;
			buildSettings = {
				ALWAYS_SEARCH_USER_PATHS = NO;
				CLANG_ANALYZER_NONNULL = YES;
				CLANG_ANALYZER_NUMBER_OBJECT_CONVERSION = YES_AGGRESSIVE;
				CLANG_CXX_LANGUAGE_STANDARD = "gnu++20";
				CLANG_ENABLE_MODULES = YES;
				CLANG_ENABLE_OBJC_ARC = YES;
				CLANG_ENABLE_OBJC_WEAK = YES;
				CLANG_WARN_BLOCK_CAPTURE_AUTORELEASING = YES;
				CLANG_WARN_BOOL_CONVERSION = YES;
				CLANG_WARN_COMMA = YES;
				CLANG_WARN_CONSTANT_CONVERSION = YES;
				CLANG_WARN_DEPRECATED_OBJC_IMPLEMENTATIONS = YES;
				CLANG_WARN_DIRECT_OBJC_ISA_USAGE = YES_ERROR;
				CLANG_WARN_DOCUMENTATION_COMMENTS = YES;
				CLANG_WARN_EMPTY_BODY = YES;
				CLANG_WARN_ENUM_CONVERSION = YES;
				CLANG_WARN_INFINITE_RECURSION = YES;
				CLANG_WARN_INT_CONVERSION = YES;
				CLANG_WARN_NON_LITERAL_NULL_CONVERSION = YES;
				CLANG_WARN_OBJC_IMPLICIT_RETAIN_SELF = YES;
				CLANG_WARN_OBJC_LITERAL_CONVERSION = YES;
				CLANG_WARN_OBJC_ROOT_CLASS = YES_ERROR;
				CLANG_WARN_QUOTED_INCLUDE_IN_FRAMEWORK_HEADER = YES;
				CLANG_WARN_RANGE_LOOP_ANALYSIS = YES;
				CLANG_WARN_STRICT_PROTOTYPES = YES;
				CLANG_WARN_SUSPICIOUS_MOVE = YES;
				CLANG_WARN_UNGUARDED_AVAILABILITY = YES_AGGRESSIVE;
				CLANG_WARN_UNREACHABLE_CODE = YES;
				CLANG_WARN__DUPLICATE_METHOD_MATCH = YES;
				COPY_PHASE_STRIP = NO;
				DEBUG_INFORMATION_FORMAT = "dwarf-with-dsym";
				ENABLE_NS_ASSERTIONS = NO;
				ENABLE_STRICT_OBJC_MSGSEND = YES;
				GCC_C_LANGUAGE_STANDARD = gnu11;
				GCC_NO_COMMON_BLOCKS = YES;
				GCC_WARN_64_TO_32_BIT_CONVERSION = YES;
				GCC_WARN_ABOUT_RETURN_TYPE = YES_ERROR;
				GCC_WARN_UNDECLARED_SELECTOR = YES;
				GCC_WARN_UNINITIALIZED_AUTOS = YES_AGGRESSIVE;
				GCC_WARN_UNUSED_FUNCTION = YES;
				GCC_WARN_UNUSED_VARIABLE = YES;
				IPHONEOS_DEPLOYMENT_TARGET = 16.2;
				MTL_ENABLE_DEBUG_INFO = NO;
				MTL_FAST_MATH = YES;
				SDKROOT = iphoneos;
				SWIFT_COMPILATION_MODE = wholemodule;
				SWIFT_OPTIMIZATION_LEVEL = "-O";
				VALIDATE_PRODUCT = YES;
			};
			name = Release;
		};
		0441BDBA296EB21F00541F26 /* Debug */ = {
			isa = XCBuildConfiguration;
			buildSettings = {
				ASSETCATALOG_COMPILER_APPICON_NAME = AppIcon;
				ASSETCATALOG_COMPILER_GLOBAL_ACCENT_COLOR_NAME = AccentColor;
				CODE_SIGN_STYLE = Automatic;
				CURRENT_PROJECT_VERSION = 1;
				DEVELOPMENT_TEAM = 6ZPB2R3KP8;
				GENERATE_INFOPLIST_FILE = YES;
				INFOPLIST_FILE = TipCalculator/Info.plist;
				INFOPLIST_KEY_UIApplicationSupportsIndirectInputEvents = YES;
				INFOPLIST_KEY_UILaunchStoryboardName = LaunchScreen;
				INFOPLIST_KEY_UISupportedInterfaceOrientations_iPad = "UIInterfaceOrientationPortrait UIInterfaceOrientationPortraitUpsideDown UIInterfaceOrientationLandscapeLeft UIInterfaceOrientationLandscapeRight";
				INFOPLIST_KEY_UISupportedInterfaceOrientations_iPhone = "UIInterfaceOrientationPortrait UIInterfaceOrientationLandscapeLeft UIInterfaceOrientationLandscapeRight";
				LD_RUNPATH_SEARCH_PATHS = (
					"$(inherited)",
					"@executable_path/Frameworks",
				);
				MARKETING_VERSION = 1.0;
				PRODUCT_BUNDLE_IDENTIFIER = com.waheedcodes.TipCalculator;
				PRODUCT_NAME = "$(TARGET_NAME)";
				SWIFT_EMIT_LOC_STRINGS = YES;
				SWIFT_VERSION = 5.0;
				TARGETED_DEVICE_FAMILY = "1,2";
			};
			name = Debug;
		};
		0441BDBB296EB21F00541F26 /* Release */ = {
			isa = XCBuildConfiguration;
			buildSettings = {
				ASSETCATALOG_COMPILER_APPICON_NAME = AppIcon;
				ASSETCATALOG_COMPILER_GLOBAL_ACCENT_COLOR_NAME = AccentColor;
				CODE_SIGN_STYLE = Automatic;
				CURRENT_PROJECT_VERSION = 1;
				DEVELOPMENT_TEAM = 6ZPB2R3KP8;
				GENERATE_INFOPLIST_FILE = YES;
				INFOPLIST_FILE = TipCalculator/Info.plist;
				INFOPLIST_KEY_UIApplicationSupportsIndirectInputEvents = YES;
				INFOPLIST_KEY_UILaunchStoryboardName = LaunchScreen;
				INFOPLIST_KEY_UISupportedInterfaceOrientations_iPad = "UIInterfaceOrientationPortrait UIInterfaceOrientationPortraitUpsideDown UIInterfaceOrientationLandscapeLeft UIInterfaceOrientationLandscapeRight";
				INFOPLIST_KEY_UISupportedInterfaceOrientations_iPhone = "UIInterfaceOrientationPortrait UIInterfaceOrientationLandscapeLeft UIInterfaceOrientationLandscapeRight";
				LD_RUNPATH_SEARCH_PATHS = (
					"$(inherited)",
					"@executable_path/Frameworks",
				);
				MARKETING_VERSION = 1.0;
				PRODUCT_BUNDLE_IDENTIFIER = com.waheedcodes.TipCalculator;
				PRODUCT_NAME = "$(TARGET_NAME)";
				SWIFT_EMIT_LOC_STRINGS = YES;
				SWIFT_VERSION = 5.0;
				TARGETED_DEVICE_FAMILY = "1,2";
			};
			name = Release;
		};
		0441BDBD296EB21F00541F26 /* Debug */ = {
			isa = XCBuildConfiguration;
			buildSettings = {
				ALWAYS_EMBED_SWIFT_STANDARD_LIBRARIES = YES;
				BUNDLE_LOADER = "$(TEST_HOST)";
				CODE_SIGN_STYLE = Automatic;
				CURRENT_PROJECT_VERSION = 1;
				DEVELOPMENT_TEAM = 6ZPB2R3KP8;
				GENERATE_INFOPLIST_FILE = YES;
				IPHONEOS_DEPLOYMENT_TARGET = 16.2;
				MARKETING_VERSION = 1.0;
				PRODUCT_BUNDLE_IDENTIFIER = com.waheedcodes.TipCalculatorTests;
				PRODUCT_NAME = "$(TARGET_NAME)";
				SWIFT_EMIT_LOC_STRINGS = NO;
				SWIFT_VERSION = 5.0;
				TARGETED_DEVICE_FAMILY = "1,2";
				TEST_HOST = "$(BUILT_PRODUCTS_DIR)/TipCalculator.app/$(BUNDLE_EXECUTABLE_FOLDER_PATH)/TipCalculator";
			};
			name = Debug;
		};
		0441BDBE296EB21F00541F26 /* Release */ = {
			isa = XCBuildConfiguration;
			buildSettings = {
				ALWAYS_EMBED_SWIFT_STANDARD_LIBRARIES = YES;
				BUNDLE_LOADER = "$(TEST_HOST)";
				CODE_SIGN_STYLE = Automatic;
				CURRENT_PROJECT_VERSION = 1;
				DEVELOPMENT_TEAM = 6ZPB2R3KP8;
				GENERATE_INFOPLIST_FILE = YES;
				IPHONEOS_DEPLOYMENT_TARGET = 16.2;
				MARKETING_VERSION = 1.0;
				PRODUCT_BUNDLE_IDENTIFIER = com.waheedcodes.TipCalculatorTests;
				PRODUCT_NAME = "$(TARGET_NAME)";
				SWIFT_EMIT_LOC_STRINGS = NO;
				SWIFT_VERSION = 5.0;
				TARGETED_DEVICE_FAMILY = "1,2";
				TEST_HOST = "$(BUILT_PRODUCTS_DIR)/TipCalculator.app/$(BUNDLE_EXECUTABLE_FOLDER_PATH)/TipCalculator";
			};
			name = Release;
		};
		0441BDC0296EB21F00541F26 /* Debug */ = {
			isa = XCBuildConfiguration;
			buildSettings = {
				ALWAYS_EMBED_SWIFT_STANDARD_LIBRARIES = YES;
				CODE_SIGN_STYLE = Automatic;
				CURRENT_PROJECT_VERSION = 1;
				DEVELOPMENT_TEAM = 6ZPB2R3KP8;
				GENERATE_INFOPLIST_FILE = YES;
				MARKETING_VERSION = 1.0;
				PRODUCT_BUNDLE_IDENTIFIER = com.waheedcodes.TipCalculatorUITests;
				PRODUCT_NAME = "$(TARGET_NAME)";
				SWIFT_EMIT_LOC_STRINGS = NO;
				SWIFT_VERSION = 5.0;
				TARGETED_DEVICE_FAMILY = "1,2";
				TEST_TARGET_NAME = TipCalculator;
			};
			name = Debug;
		};
		0441BDC1296EB21F00541F26 /* Release */ = {
			isa = XCBuildConfiguration;
			buildSettings = {
				ALWAYS_EMBED_SWIFT_STANDARD_LIBRARIES = YES;
				CODE_SIGN_STYLE = Automatic;
				CURRENT_PROJECT_VERSION = 1;
				DEVELOPMENT_TEAM = 6ZPB2R3KP8;
				GENERATE_INFOPLIST_FILE = YES;
				MARKETING_VERSION = 1.0;
				PRODUCT_BUNDLE_IDENTIFIER = com.waheedcodes.TipCalculatorUITests;
				PRODUCT_NAME = "$(TARGET_NAME)";
				SWIFT_EMIT_LOC_STRINGS = NO;
				SWIFT_VERSION = 5.0;
				TARGETED_DEVICE_FAMILY = "1,2";
				TEST_TARGET_NAME = TipCalculator;
			};
			name = Release;
		};
/* End XCBuildConfiguration section */

/* Begin XCConfigurationList section */
		0441BD8A296EB21B00541F26 /* Build configuration list for PBXProject "TipCalculator" */ = {
			isa = XCConfigurationList;
			buildConfigurations = (
				0441BDB7296EB21F00541F26 /* Debug */,
				0441BDB8296EB21F00541F26 /* Release */,
			);
			defaultConfigurationIsVisible = 0;
			defaultConfigurationName = Release;
		};
		0441BDB9296EB21F00541F26 /* Build configuration list for PBXNativeTarget "TipCalculator" */ = {
			isa = XCConfigurationList;
			buildConfigurations = (
				0441BDBA296EB21F00541F26 /* Debug */,
				0441BDBB296EB21F00541F26 /* Release */,
			);
			defaultConfigurationIsVisible = 0;
			defaultConfigurationName = Release;
		};
		0441BDBC296EB21F00541F26 /* Build configuration list for PBXNativeTarget "TipCalculatorTests" */ = {
			isa = XCConfigurationList;
			buildConfigurations = (
				0441BDBD296EB21F00541F26 /* Debug */,
				0441BDBE296EB21F00541F26 /* Release */,
			);
			defaultConfigurationIsVisible = 0;
			defaultConfigurationName = Release;
		};
		0441BDBF296EB21F00541F26 /* Build configuration list for PBXNativeTarget "TipCalculatorUITests" */ = {
			isa = XCConfigurationList;
			buildConfigurations = (
				0441BDC0296EB21F00541F26 /* Debug */,
				0441BDC1296EB21F00541F26 /* Release */,
			);
			defaultConfigurationIsVisible = 0;
			defaultConfigurationName = Release;
		};
/* End XCConfigurationList section */

/* Begin XCRemoteSwiftPackageReference section */
		0441BDC2296EB75200541F26 /* XCRemoteSwiftPackageReference "CombineCocoa" */ = {
			isa = XCRemoteSwiftPackageReference;
			repositoryURL = "https://github.com/CombineCommunity/CombineCocoa.git";
			requirement = {
				kind = upToNextMinorVersion;
				minimumVersion = 0.4.1;
			};
		};
		0441BDC5296EB8C200541F26 /* XCRemoteSwiftPackageReference "SnapKit" */ = {
			isa = XCRemoteSwiftPackageReference;
			repositoryURL = "https://github.com/SnapKit/SnapKit.git";
			requirement = {
				kind = upToNextMinorVersion;
				minimumVersion = 5.6.0;
			};
		};
		0441BDCB296EBA4900541F26 /* XCRemoteSwiftPackageReference "swift-snapshot-testing" */ = {
			isa = XCRemoteSwiftPackageReference;
			repositoryURL = "https://github.com/pointfreeco/swift-snapshot-testing";
			requirement = {
				kind = upToNextMinorVersion;
				minimumVersion = 1.9.0;
			};
		};
/* End XCRemoteSwiftPackageReference section */

/* Begin XCSwiftPackageProductDependency section */
		0441BDC3296EB75200541F26 /* CombineCocoa */ = {
			isa = XCSwiftPackageProductDependency;
			package = 0441BDC2296EB75200541F26 /* XCRemoteSwiftPackageReference "CombineCocoa" */;
			productName = CombineCocoa;
		};
		0441BDC6296EB8C200541F26 /* SnapKit */ = {
			isa = XCSwiftPackageProductDependency;
			package = 0441BDC5296EB8C200541F26 /* XCRemoteSwiftPackageReference "SnapKit" */;
			productName = SnapKit;
		};
		0441BDC9296EB91400541F26 /* CombineCocoa */ = {
			isa = XCSwiftPackageProductDependency;
			package = 0441BDC2296EB75200541F26 /* XCRemoteSwiftPackageReference "CombineCocoa" */;
			productName = CombineCocoa;
		};
		0441BDCC296EBA4900541F26 /* SnapshotTesting */ = {
			isa = XCSwiftPackageProductDependency;
			package = 0441BDCB296EBA4900541F26 /* XCRemoteSwiftPackageReference "swift-snapshot-testing" */;
			productName = SnapshotTesting;
		};
		0441BDCE296EBA6400541F26 /* CombineCocoa */ = {
			isa = XCSwiftPackageProductDependency;
			package = 0441BDC2296EB75200541F26 /* XCRemoteSwiftPackageReference "CombineCocoa" */;
			productName = CombineCocoa;
		};
/* End XCSwiftPackageProductDependency section */
	};
	rootObject = 0441BD87296EB21B00541F26 /* Project object */;
}
